
Microsoft Visual Studio Solution File, Format Version 12.00
# Visual Studio Version 17
VisualStudioVersion = 17.5.002.0
MinimumVisualStudioVersion = 10.0.40219.1
Project("{9A19103F-16F7-4668-BE54-9A1E7A4F7556}") = "api", "api\api.csproj", "{417010FD-A4F5-4BC1-814A-4463AE3E027D}"
EndProject
Global
	GlobalSection(SolutionConfigurationPlatforms) = preSolution
		Debug|Any CPU = Debug|Any CPU
		Release|Any CPU = Release|Any CPU
	EndGlobalSection
	GlobalSection(ProjectConfigurationPlatforms) = postSolution
		{417010FD-A4F5-4BC1-814A-4463AE3E027D}.Debug|Any CPU.ActiveCfg = Debug|Any CPU
		{417010FD-A4F5-4BC1-814A-4463AE3E027D}.Debug|Any CPU.Build.0 = Debug|Any CPU
		{417010FD-A4F5-4BC1-814A-4463AE3E027D}.Release|Any CPU.ActiveCfg = Release|Any CPU
		{417010FD-A4F5-4BC1-814A-4463AE3E027D}.Release|Any CPU.Build.0 = Release|Any CPU
	EndGlobalSection
	GlobalSection(SolutionProperties) = preSolution
		HideSolutionNode = FALSE
	EndGlobalSection
	GlobalSection(ExtensibilityGlobals) = postSolution
		SolutionGuid = {F9B20F22-FCBE-4605-B05A-CFB4A6585CFD}
	EndGlobalSection
EndGlobal
